
Microsoft Visual Studio Solution File, Format Version 12.00
# Visual Studio Version 17
VisualStudioVersion = 17.8.34408.163
MinimumVisualStudioVersion = 10.0.40219.1
Project("{8BC9CEB8-8B4A-11D0-8D11-00A0C91BC942}") = "MIDTERM", "MIDTERM.vcxproj", "{1D1E4FB5-CC49-4F24-915F-4FAA19AF44FE}"
EndProject
Global
	GlobalSection(SolutionConfigurationPlatforms) = preSolution
		Debug|x64 = Debug|x64
		Debug|x86 = Debug|x86
		Release|x64 = Release|x64
		Release|x86 = Release|x86
	EndGlobalSection
	GlobalSection(ProjectConfigurationPlatforms) = postSolution
		{1D1E4FB5-CC49-4F24-915F-4FAA19AF44FE}.Debug|x64.ActiveCfg = Debug|x64
		{1D1E4FB5-CC49-4F24-915F-4FAA19AF44FE}.Debug|x64.Build.0 = Debug|x64
		{1D1E4FB5-CC49-4F24-915F-4FAA19AF44FE}.Debug|x86.ActiveCfg = Debug|Win32
		{1D1E4FB5-CC49-4F24-915F-4FAA19AF44FE}.Debug|x86.Build.0 = Debug|Win32
		{1D1E4FB5-CC49-4F24-915F-4FAA19AF44FE}.Release|x64.ActiveCfg = Release|x64
		{1D1E4FB5-CC49-4F24-915F-4FAA19AF44FE}.Release|x64.Build.0 = Release|x64
		{1D1E4FB5-CC49-4F24-915F-4FAA19AF44FE}.Release|x86.ActiveCfg = Release|Win32
		{1D1E4FB5-CC49-4F24-915F-4FAA19AF44FE}.Release|x86.Build.0 = Release|Win32
	EndGlobalSection
	GlobalSection(SolutionProperties) = preSolution
		HideSolutionNode = FALSE
	EndGlobalSection
	GlobalSection(ExtensibilityGlobals) = postSolution
		SolutionGuid = {0DF89894-0635-45C8-AE16-E60257101511}
	EndGlobalSection
EndGlobal
